
Microsoft Visual Studio Solution File, Format Version 12.00
# Visual Studio Version 16
VisualStudioVersion = 16.0.29020.237
MinimumVisualStudioVersion = 10.0.40219.1
Project("{FAE04EC0-301F-11D3-BF4B-00C04F79EFBC}") = "Step131Generics", "Step131Generics.csproj", "{973FB8EC-030E-48B9-9A09-195FF4975C3C}"
EndProject
Global
	GlobalSection(SolutionConfigurationPlatforms) = preSolution
		Debug|Any CPU = Debug|Any CPU
		Release|Any CPU = Release|Any CPU
	EndGlobalSection
	GlobalSection(ProjectConfigurationPlatforms) = postSolution
		{973FB8EC-030E-48B9-9A09-195FF4975C3C}.Debug|Any CPU.ActiveCfg = Debug|Any CPU
		{973FB8EC-030E-48B9-9A09-195FF4975C3C}.Debug|Any CPU.Build.0 = Debug|Any CPU
		{973FB8EC-030E-48B9-9A09-195FF4975C3C}.Release|Any CPU.ActiveCfg = Release|Any CPU
		{973FB8EC-030E-48B9-9A09-195FF4975C3C}.Release|Any CPU.Build.0 = Release|Any CPU
	EndGlobalSection
	GlobalSection(SolutionProperties) = preSolution
		HideSolutionNode = FALSE
	EndGlobalSection
	GlobalSection(ExtensibilityGlobals) = postSolution
		SolutionGuid = {BB0EB035-4110-4CFD-845A-19327EB64C3D}
	EndGlobalSection
EndGlobal
